
Microsoft Visual Studio Solution File, Format Version 12.00
# Visual Studio Version 17
VisualStudioVersion = 17.4.33213.308
MinimumVisualStudioVersion = 10.0.40219.1
Project("{2150E333-8FDC-42A3-9474-1A3956D46DE8}") = "Solution Items", "Solution Items", "{8E5442C1-F073-4AC3-AF7B-D89C7F939BAA}"
	ProjectSection(SolutionItems) = preProject
		config.nsdepcop = config.nsdepcop
	EndProjectSection
EndProject
Project("{2150E333-8FDC-42A3-9474-1A3956D46DE8}") = "BuildingBlockA", "BuildingBlockA", "{F545E7AC-FDF5-4723-B17F-7C19370656D1}"
EndProject
Project("{2150E333-8FDC-42A3-9474-1A3956D46DE8}") = "BuildingBlockB", "BuildingBlockB", "{8CE1A97A-1ECD-44B8-A45C-B8A5A5C37048}"
EndProject
Project("{2150E333-8FDC-42A3-9474-1A3956D46DE8}") = "ACPD", "ACPD", "{F7A7D504-2DA0-417B-BD63-B1AAFE3923F2}"
EndProject
Project("{FAE04EC0-301F-11D3-BF4B-00C04F79EFBC}") = "BuildingBlockA.Interfaces", "BuildingBlockA.Interfaces\BuildingBlockA.Interfaces.csproj", "{F84C2C34-FB88-4DF4-8111-8FA510DEA789}"
EndProject
Project("{FAE04EC0-301F-11D3-BF4B-00C04F79EFBC}") = "BuildingBlockA", "BuildingBlockA\BuildingBlockA.csproj", "{81B6CE01-C9A3-4426-920B-77A0FAE11668}"
EndProject
Project("{FAE04EC0-301F-11D3-BF4B-00C04F79EFBC}") = "BuildingBlockB.Interfaces", "BuildingBlockB.Interfaces\BuildingBlockB.Interfaces.csproj", "{60C40CB1-48D5-4839-BCB7-2B509E4F8BF4}"
EndProject
Project("{FAE04EC0-301F-11D3-BF4B-00C04F79EFBC}") = "BuildingBlockB", "BuildingBlockB\BuildingBlockB.csproj", "{1242BCA0-11A6-4225-A6D5-4EF630453B47}"
EndProject
Project("{FAE04EC0-301F-11D3-BF4B-00C04F79EFBC}") = "Acpd", "Acpd\Acpd.csproj", "{80B4B8D1-4FD9-4CDB-A9CE-6C991D58D9E3}"
EndProject
Global
	GlobalSection(SolutionConfigurationPlatforms) = preSolution
		Debug|Any CPU = Debug|Any CPU
		Release|Any CPU = Release|Any CPU
	EndGlobalSection
	GlobalSection(ProjectConfigurationPlatforms) = postSolution
		{F84C2C34-FB88-4DF4-8111-8FA510DEA789}.Debug|Any CPU.ActiveCfg = Debug|Any CPU
		{F84C2C34-FB88-4DF4-8111-8FA510DEA789}.Debug|Any CPU.Build.0 = Debug|Any CPU
		{F84C2C34-FB88-4DF4-8111-8FA510DEA789}.Release|Any CPU.ActiveCfg = Release|Any CPU
		{F84C2C34-FB88-4DF4-8111-8FA510DEA789}.Release|Any CPU.Build.0 = Release|Any CPU
		{81B6CE01-C9A3-4426-920B-77A0FAE11668}.Debug|Any CPU.ActiveCfg = Debug|Any CPU
		{81B6CE01-C9A3-4426-920B-77A0FAE11668}.Debug|Any CPU.Build.0 = Debug|Any CPU
		{81B6CE01-C9A3-4426-920B-77A0FAE11668}.Release|Any CPU.ActiveCfg = Release|Any CPU
		{81B6CE01-C9A3-4426-920B-77A0FAE11668}.Release|Any CPU.Build.0 = Release|Any CPU
		{60C40CB1-48D5-4839-BCB7-2B509E4F8BF4}.Debug|Any CPU.ActiveCfg = Debug|Any CPU
		{60C40CB1-48D5-4839-BCB7-2B509E4F8BF4}.Debug|Any CPU.Build.0 = Debug|Any CPU
		{60C40CB1-48D5-4839-BCB7-2B509E4F8BF4}.Release|Any CPU.ActiveCfg = Release|Any CPU
		{60C40CB1-48D5-4839-BCB7-2B509E4F8BF4}.Release|Any CPU.Build.0 = Release|Any CPU
		{1242BCA0-11A6-4225-A6D5-4EF630453B47}.Debug|Any CPU.ActiveCfg = Debug|Any CPU
		{1242BCA0-11A6-4225-A6D5-4EF630453B47}.Debug|Any CPU.Build.0 = Debug|Any CPU
		{1242BCA0-11A6-4225-A6D5-4EF630453B47}.Release|Any CPU.ActiveCfg = Release|Any CPU
		{1242BCA0-11A6-4225-A6D5-4EF630453B47}.Release|Any CPU.Build.0 = Release|Any CPU
		{80B4B8D1-4FD9-4CDB-A9CE-6C991D58D9E3}.Debug|Any CPU.ActiveCfg = Debug|Any CPU
		{80B4B8D1-4FD9-4CDB-A9CE-6C991D58D9E3}.Debug|Any CPU.Build.0 = Debug|Any CPU
		{80B4B8D1-4FD9-4CDB-A9CE-6C991D58D9E3}.Release|Any CPU.ActiveCfg = Release|Any CPU
		{80B4B8D1-4FD9-4CDB-A9CE-6C991D58D9E3}.Release|Any CPU.Build.0 = Release|Any CPU
	EndGlobalSection
	GlobalSection(SolutionProperties) = preSolution
		HideSolutionNode = FALSE
	EndGlobalSection
	GlobalSection(NestedProjects) = preSolution
		{F84C2C34-FB88-4DF4-8111-8FA510DEA789} = {F545E7AC-FDF5-4723-B17F-7C19370656D1}
		{81B6CE01-C9A3-4426-920B-77A0FAE11668} = {F545E7AC-FDF5-4723-B17F-7C19370656D1}
		{60C40CB1-48D5-4839-BCB7-2B509E4F8BF4} = {8CE1A97A-1ECD-44B8-A45C-B8A5A5C37048}
		{1242BCA0-11A6-4225-A6D5-4EF630453B47} = {8CE1A97A-1ECD-44B8-A45C-B8A5A5C37048}
		{80B4B8D1-4FD9-4CDB-A9CE-6C991D58D9E3} = {F7A7D504-2DA0-417B-BD63-B1AAFE3923F2}
	EndGlobalSection
	GlobalSection(ExtensibilityGlobals) = postSolution
		SolutionGuid = {1657DA01-B187-44A5-8A7B-97E5257EEAC3}
	EndGlobalSection
EndGlobal
